// !$*UTF8*$!
{
	archiveVersion = 1;
	classes = {
	};
	objectVersion = 48;
	objects = {

/* Begin PBXBuildFile section */
		1814904E1F98A21C0047FFF4 /* ZFFunctionsView.m in Sources */ = {isa = PBXBuildFile; fileRef = 1814904D1F98A21C0047FFF4 /* ZFFunctionsView.m */; };
		181490541F98A3240047FFF4 /* ZFFirstSinView.m in Sources */ = {isa = PBXBuildFile; fileRef = 181490531F98A3240047FFF4 /* ZFFirstSinView.m */; };
		181BEB1A1F7DE11E00E1C054 /* ZFFourModel.m in Sources */ = {isa = PBXBuildFile; fileRef = 181BEB191F7DE11E00E1C054 /* ZFFourModel.m */; };
		181BEB1D1F7DE17700E1C054 /* ZFFourTableView.m in Sources */ = {isa = PBXBuildFile; fileRef = 181BEB1C1F7DE17700E1C054 /* ZFFourTableView.m */; };
		181BEB201F7DE18C00E1C054 /* ZFFourTableViewCell.m in Sources */ = {isa = PBXBuildFile; fileRef = 181BEB1F1F7DE18C00E1C054 /* ZFFourTableViewCell.m */; };
		181BEB241F7DF43D00E1C054 /* UIColor+ZFColor.m in Sources */ = {isa = PBXBuildFile; fileRef = 181BEB231F7DF43D00E1C054 /* UIColor+ZFColor.m */; };
		181BEB281F7E196600E1C054 /* SystemConfiguration.framework in Frameworks */ = {isa = PBXBuildFile; fileRef = 181BEB271F7E196600E1C054 /* SystemConfiguration.framework */; };
		181BEB2A1F7E196E00E1C054 /* Security.framework in Frameworks */ = {isa = PBXBuildFile; fileRef = 181BEB291F7E196E00E1C054 /* Security.framework */; };
		181BEB2C1F7E197D00E1C054 /* libz.tbd in Frameworks */ = {isa = PBXBuildFile; fileRef = 181BEB2B1F7E197D00E1C054 /* libz.tbd */; };
		181BEB2E1F7E198900E1C054 /* libc++.tbd in Frameworks */ = {isa = PBXBuildFile; fileRef = 181BEB2D1F7E198900E1C054 /* libc++.tbd */; };
		181BEB341F7E1E4D00E1C054 /* Bugly.framework in Frameworks */ = {isa = PBXBuildFile; fileRef = 181BEB331F7E1E2C00E1C054 /* Bugly.framework */; };
		181BEB3B1F7E1F1D00E1C054 /* ZFBuglyViewController.m in Sources */ = {isa = PBXBuildFile; fileRef = 181BEB3A1F7E1F1D00E1C054 /* ZFBuglyViewController.m */; };
		181BEB471F7E2CC400E1C054 /* ZFPerformanceOptimizationViewController.m in Sources */ = {isa = PBXBuildFile; fileRef = 181BEB451F7E2CA500E1C054 /* ZFPerformanceOptimizationViewController.m */; };
		18379C251F7B4ADD00D6DC5A /* ZFBaseTableViewCell.m in Sources */ = {isa = PBXBuildFile; fileRef = 18379C241F7B4ADD00D6DC5A /* ZFBaseTableViewCell.m */; };
		18A2155C1F974660008AA880 /* ZFWelcomeView.m in Sources */ = {isa = PBXBuildFile; fileRef = 18A2155B1F974660008AA880 /* ZFWelcomeView.m */; };
		18A2155D1F9752A7008AA880 /* ZFWelcomeViewController.m in Sources */ = {isa = PBXBuildFile; fileRef = 18A215581F974646008AA880 /* ZFWelcomeViewController.m */; };
		18A6AA981F96E886003631C1 /* UIView+RollView.m in Sources */ = {isa = PBXBuildFile; fileRef = 18A6AA961F96E885003631C1 /* UIView+RollView.m */; };
		18AE20381F8B6A2A0076C334 /* ZFThreeCollectionView.m in Sources */ = {isa = PBXBuildFile; fileRef = 18AE20371F8B6A2A0076C334 /* ZFThreeCollectionView.m */; };
		18AE203B1F8B6A400076C334 /* ZFThreeCollectionViewCell.m in Sources */ = {isa = PBXBuildFile; fileRef = 18AE203A1F8B6A400076C334 /* ZFThreeCollectionViewCell.m */; };
		18AE203E1F8B6B910076C334 /* ZFCollectionViewFlowLayout.m in Sources */ = {isa = PBXBuildFile; fileRef = 18AE203D1F8B6B910076C334 /* ZFCollectionViewFlowLayout.m */; };
		18C778C31F998F590021B303 /* ZFSwiftViewController.m in Sources */ = {isa = PBXBuildFile; fileRef = 18C778C21F998F590021B303 /* ZFSwiftViewController.m */; };
		18C778C61F99A8160021B303 /* ZFFuncDetailViewController.m in Sources */ = {isa = PBXBuildFile; fileRef = 18C778C51F99A8160021B303 /* ZFFuncDetailViewController.m */; };
		18C778C91F99C6BC0021B303 /* ZFFunctionModel.m in Sources */ = {isa = PBXBuildFile; fileRef = 18C778C81F99C6BC0021B303 /* ZFFunctionModel.m */; };
		18C778CC1F99C6F40021B303 /* ZFFuncDetailTableView.m in Sources */ = {isa = PBXBuildFile; fileRef = 18C778CB1F99C6F40021B303 /* ZFFuncDetailTableView.m */; };
		18C778CF1F99C70C0021B303 /* ZFFuncDetailTableViewCell.m in Sources */ = {isa = PBXBuildFile; fileRef = 18C778CE1F99C70C0021B303 /* ZFFuncDetailTableViewCell.m */; };
		18C778D61F99E78E0021B303 /* ZFSliderViewController.m in Sources */ = {isa = PBXBuildFile; fileRef = 18C778D51F99E78E0021B303 /* ZFSliderViewController.m */; };
		18C778D91F99F2240021B303 /* ZFAutoSliderView.m in Sources */ = {isa = PBXBuildFile; fileRef = 18C778D81F99F2240021B303 /* ZFAutoSliderView.m */; };
		18C778DC1F99F2420021B303 /* ZFTextSliderView.m in Sources */ = {isa = PBXBuildFile; fileRef = 18C778DB1F99F2420021B303 /* ZFTextSliderView.m */; };
		18FD0ACA1F7AA57B00D9E65B /* AppDelegate.m in Sources */ = {isa = PBXBuildFile; fileRef = 18FD0AC91F7AA57B00D9E65B /* AppDelegate.m */; };
		18FD0ACD1F7AA57B00D9E65B /* ViewController.m in Sources */ = {isa = PBXBuildFile; fileRef = 18FD0ACC1F7AA57B00D9E65B /* ViewController.m */; };
		18FD0AD01F7AA57B00D9E65B /* Main.storyboard in Resources */ = {isa = PBXBuildFile; fileRef = 18FD0ACE1F7AA57B00D9E65B /* Main.storyboard */; };
		18FD0AD31F7AA57B00D9E65B /* ZF_iOS.xcdatamodeld in Sources */ = {isa = PBXBuildFile; fileRef = 18FD0AD11F7AA57B00D9E65B /* ZF_iOS.xcdatamodeld */; };
		18FD0AD51F7AA57B00D9E65B /* Assets.xcassets in Resources */ = {isa = PBXBuildFile; fileRef = 18FD0AD41F7AA57B00D9E65B /* Assets.xcassets */; };
		18FD0AD81F7AA57B00D9E65B /* LaunchScreen.storyboard in Resources */ = {isa = PBXBuildFile; fileRef = 18FD0AD61F7AA57B00D9E65B /* LaunchScreen.storyboard */; };
		18FD0ADB1F7AA57B00D9E65B /* main.m in Sources */ = {isa = PBXBuildFile; fileRef = 18FD0ADA1F7AA57B00D9E65B /* main.m */; };
		18FD0AE51F7AA57C00D9E65B /* ZF_iOSTests.m in Sources */ = {isa = PBXBuildFile; fileRef = 18FD0AE41F7AA57C00D9E65B /* ZF_iOSTests.m */; };
		18FD0AF01F7AA57C00D9E65B /* ZF_iOSUITests.m in Sources */ = {isa = PBXBuildFile; fileRef = 18FD0AEF1F7AA57C00D9E65B /* ZF_iOSUITests.m */; };
		18FD0B191F7AAA4500D9E65B /* ZFConstString.m in Sources */ = {isa = PBXBuildFile; fileRef = 18FD0B181F7AAA4500D9E65B /* ZFConstString.m */; };
		18FD0B1C1F7AAC4900D9E65B /* ZFBaseViewController.m in Sources */ = {isa = PBXBuildFile; fileRef = 18FD0B1B1F7AAC4900D9E65B /* ZFBaseViewController.m */; };
		18FD0B1F1F7AAC6400D9E65B /* ZFBaseTableViewController.m in Sources */ = {isa = PBXBuildFile; fileRef = 18FD0B1E1F7AAC6400D9E65B /* ZFBaseTableViewController.m */; };
		18FD0B221F7AAC7A00D9E65B /* ZFBaseTableView.m in Sources */ = {isa = PBXBuildFile; fileRef = 18FD0B211F7AAC7A00D9E65B /* ZFBaseTableView.m */; };
		18FD0B251F7AAC8B00D9E65B /* ZFModel.m in Sources */ = {isa = PBXBuildFile; fileRef = 18FD0B241F7AAC8B00D9E65B /* ZFModel.m */; };
		18FD0B281F7AACB000D9E65B /* ZFBaseNavigationController.m in Sources */ = {isa = PBXBuildFile; fileRef = 18FD0B271F7AACB000D9E65B /* ZFBaseNavigationController.m */; };
		18FD0B2B1F7AACCE00D9E65B /* ZFBaseTabBarController.m in Sources */ = {isa = PBXBuildFile; fileRef = 18FD0B2A1F7AACCE00D9E65B /* ZFBaseTabBarController.m */; };
		18FD0B2E1F7AADBA00D9E65B /* ZFNavigationController.m in Sources */ = {isa = PBXBuildFile; fileRef = 18FD0B2D1F7AADBA00D9E65B /* ZFNavigationController.m */; };
		18FD0B311F7AADD900D9E65B /* ZFTabBarController.m in Sources */ = {isa = PBXBuildFile; fileRef = 18FD0B301F7AADD900D9E65B /* ZFTabBarController.m */; };
		18FD0B491F7AAEDD00D9E65B /* ZFThreeViewController.m in Sources */ = {isa = PBXBuildFile; fileRef = 18FD0B481F7AAEDD00D9E65B /* ZFThreeViewController.m */; };
		18FD0B4C1F7AAEE900D9E65B /* ZFFourViewController.m in Sources */ = {isa = PBXBuildFile; fileRef = 18FD0B4B1F7AAEE900D9E65B /* ZFFourViewController.m */; };
		18FD0B5B1F7AAFC100D9E65B /* TThreeModel.m in Sources */ = {isa = PBXBuildFile; fileRef = 18FD0B5A1F7AAFC100D9E65B /* TThreeModel.m */; };
		18FE42C81F97A63A00424F3D /* ZFFunctionsViewController.m in Sources */ = {isa = PBXBuildFile; fileRef = 18FE42C71F97A63A00424F3D /* ZFFunctionsViewController.m */; };
		3B25372194F91EFB502D9774 /* libPods-ZF_iOS.a in Frameworks */ = {isa = PBXBuildFile; fileRef = A9B1EB79544F65AEB4348BC0 /* libPods-ZF_iOS.a */; };
/* End PBXBuildFile section */

/* Begin PBXContainerItemProxy section */
		18FD0AE11F7AA57C00D9E65B /* PBXContainerItemProxy */ = {
			isa = PBXContainerItemProxy;
			containerPortal = 18FD0ABD1F7AA57B00D9E65B /* Project object */;
			proxyType = 1;
			remoteGlobalIDString = 18FD0AC41F7AA57B00D9E65B;
			remoteInfo = ZF_iOS;
		};
		18FD0AEC1F7AA57C00D9E65B /* PBXContainerItemProxy */ = {
			isa = PBXContainerItemProxy;
			containerPortal = 18FD0ABD1F7AA57B00D9E65B /* Project object */;
			proxyType = 1;
			remoteGlobalIDString = 18FD0AC41F7AA57B00D9E65B;
			remoteInfo = ZF_iOS;
		};
/* End PBXContainerItemProxy section */

/* Begin PBXFileReference section */
		1814904C1F98A21C0047FFF4 /* ZFFunctionsView.h */ = {isa = PBXFileReference; lastKnownFileType = sourcecode.c.h; path = ZFFunctionsView.h; sourceTree = "<group>"; };
		1814904D1F98A21C0047FFF4 /* ZFFunctionsView.m */ = {isa = PBXFileReference; lastKnownFileType = sourcecode.c.objc; path = ZFFunctionsView.m; sourceTree = "<group>"; };
		181490521F98A3240047FFF4 /* ZFFirstSinView.h */ = {isa = PBXFileReference; lastKnownFileType = sourcecode.c.h; path = ZFFirstSinView.h; sourceTree = "<group>"; };
		181490531F98A3240047FFF4 /* ZFFirstSinView.m */ = {isa = PBXFileReference; lastKnownFileType = sourcecode.c.objc; path = ZFFirstSinView.m; sourceTree = "<group>"; };
		181BEB181F7DE11E00E1C054 /* ZFFourModel.h */ = {isa = PBXFileReference; lastKnownFileType = sourcecode.c.h; path = ZFFourModel.h; sourceTree = "<group>"; };
		181BEB191F7DE11E00E1C054 /* ZFFourModel.m */ = {isa = PBXFileReference; lastKnownFileType = sourcecode.c.objc; path = ZFFourModel.m; sourceTree = "<group>"; };
		181BEB1B1F7DE17700E1C054 /* ZFFourTableView.h */ = {isa = PBXFileReference; lastKnownFileType = sourcecode.c.h; path = ZFFourTableView.h; sourceTree = "<group>"; };
		181BEB1C1F7DE17700E1C054 /* ZFFourTableView.m */ = {isa = PBXFileReference; lastKnownFileType = sourcecode.c.objc; path = ZFFourTableView.m; sourceTree = "<group>"; };
		181BEB1E1F7DE18C00E1C054 /* ZFFourTableViewCell.h */ = {isa = PBXFileReference; lastKnownFileType = sourcecode.c.h; path = ZFFourTableViewCell.h; sourceTree = "<group>"; };
		181BEB1F1F7DE18C00E1C054 /* ZFFourTableViewCell.m */ = {isa = PBXFileReference; lastKnownFileType = sourcecode.c.objc; path = ZFFourTableViewCell.m; sourceTree = "<group>"; };
		181BEB221F7DF43D00E1C054 /* UIColor+ZFColor.h */ = {isa = PBXFileReference; lastKnownFileType = sourcecode.c.h; path = "UIColor+ZFColor.h"; sourceTree = "<group>"; };
		181BEB231F7DF43D00E1C054 /* UIColor+ZFColor.m */ = {isa = PBXFileReference; lastKnownFileType = sourcecode.c.objc; path = "UIColor+ZFColor.m"; sourceTree = "<group>"; };
		181BEB271F7E196600E1C054 /* SystemConfiguration.framework */ = {isa = PBXFileReference; lastKnownFileType = wrapper.framework; name = SystemConfiguration.framework; path = System/Library/Frameworks/SystemConfiguration.framework; sourceTree = SDKROOT; };
		181BEB291F7E196E00E1C054 /* Security.framework */ = {isa = PBXFileReference; lastKnownFileType = wrapper.framework; name = Security.framework; path = System/Library/Frameworks/Security.framework; sourceTree = SDKROOT; };
		181BEB2B1F7E197D00E1C054 /* libz.tbd */ = {isa = PBXFileReference; lastKnownFileType = "sourcecode.text-based-dylib-definition"; name = libz.tbd; path = usr/lib/libz.tbd; sourceTree = SDKROOT; };
		181BEB2D1F7E198900E1C054 /* libc++.tbd */ = {isa = PBXFileReference; lastKnownFileType = "sourcecode.text-based-dylib-definition"; name = "libc++.tbd"; path = "usr/lib/libc++.tbd"; sourceTree = SDKROOT; };
		181BEB331F7E1E2C00E1C054 /* Bugly.framework */ = {isa = PBXFileReference; lastKnownFileType = wrapper.framework; path = Bugly.framework; sourceTree = "<group>"; };
		181BEB391F7E1F1D00E1C054 /* ZFBuglyViewController.h */ = {isa = PBXFileReference; lastKnownFileType = sourcecode.c.h; path = ZFBuglyViewController.h; sourceTree = "<group>"; };
		181BEB3A1F7E1F1D00E1C054 /* ZFBuglyViewController.m */ = {isa = PBXFileReference; lastKnownFileType = sourcecode.c.objc; path = ZFBuglyViewController.m; sourceTree = "<group>"; };
		181BEB451F7E2CA500E1C054 /* ZFPerformanceOptimizationViewController.m */ = {isa = PBXFileReference; lastKnownFileType = sourcecode.c.objc; path = ZFPerformanceOptimizationViewController.m; sourceTree = "<group>"; };
		181BEB461F7E2CA600E1C054 /* ZFPerformanceOptimizationViewController.h */ = {isa = PBXFileReference; lastKnownFileType = sourcecode.c.h; path = ZFPerformanceOptimizationViewController.h; sourceTree = "<group>"; };
		18379C1C1F7B319300D6DC5A /* PrefixHeader.pch */ = {isa = PBXFileReference; lastKnownFileType = sourcecode.c.h; path = PrefixHeader.pch; sourceTree = "<group>"; };
		18379C231F7B4ADD00D6DC5A /* ZFBaseTableViewCell.h */ = {isa = PBXFileReference; lastKnownFileType = sourcecode.c.h; path = ZFBaseTableViewCell.h; sourceTree = "<group>"; };
		18379C241F7B4ADD00D6DC5A /* ZFBaseTableViewCell.m */ = {isa = PBXFileReference; lastKnownFileType = sourcecode.c.objc; path = ZFBaseTableViewCell.m; sourceTree = "<group>"; };
		1899731C1F7B6E930037230C /* ZFEnum.h */ = {isa = PBXFileReference; lastKnownFileType = sourcecode.c.h; path = ZFEnum.h; sourceTree = "<group>"; };
		18A215581F974646008AA880 /* ZFWelcomeViewController.m */ = {isa = PBXFileReference; lastKnownFileType = sourcecode.c.objc; path = ZFWelcomeViewController.m; sourceTree = "<group>"; };
		18A215591F974646008AA880 /* ZFWelcomeViewController.h */ = {isa = PBXFileReference; lastKnownFileType = sourcecode.c.h; path = ZFWelcomeViewController.h; sourceTree = "<group>"; };
		18A2155A1F974660008AA880 /* ZFWelcomeView.h */ = {isa = PBXFileReference; lastKnownFileType = sourcecode.c.h; path = ZFWelcomeView.h; sourceTree = "<group>"; };
		18A2155B1F974660008AA880 /* ZFWelcomeView.m */ = {isa = PBXFileReference; lastKnownFileType = sourcecode.c.objc; path = ZFWelcomeView.m; sourceTree = "<group>"; };
		18A6AA961F96E885003631C1 /* UIView+RollView.m */ = {isa = PBXFileReference; lastKnownFileType = sourcecode.c.objc; path = "UIView+RollView.m"; sourceTree = "<group>"; };
		18A6AA971F96E885003631C1 /* UIView+RollView.h */ = {isa = PBXFileReference; lastKnownFileType = sourcecode.c.h; path = "UIView+RollView.h"; sourceTree = "<group>"; };
		18AE20361F8B6A2A0076C334 /* ZFThreeCollectionView.h */ = {isa = PBXFileReference; lastKnownFileType = sourcecode.c.h; path = ZFThreeCollectionView.h; sourceTree = "<group>"; };
		18AE20371F8B6A2A0076C334 /* ZFThreeCollectionView.m */ = {isa = PBXFileReference; lastKnownFileType = sourcecode.c.objc; path = ZFThreeCollectionView.m; sourceTree = "<group>"; };
		18AE20391F8B6A400076C334 /* ZFThreeCollectionViewCell.h */ = {isa = PBXFileReference; lastKnownFileType = sourcecode.c.h; path = ZFThreeCollectionViewCell.h; sourceTree = "<group>"; };
		18AE203A1F8B6A400076C334 /* ZFThreeCollectionViewCell.m */ = {isa = PBXFileReference; lastKnownFileType = sourcecode.c.objc; path = ZFThreeCollectionViewCell.m; sourceTree = "<group>"; };
		18AE203C1F8B6B910076C334 /* ZFCollectionViewFlowLayout.h */ = {isa = PBXFileReference; lastKnownFileType = sourcecode.c.h; path = ZFCollectionViewFlowLayout.h; sourceTree = "<group>"; };
		18AE203D1F8B6B910076C334 /* ZFCollectionViewFlowLayout.m */ = {isa = PBXFileReference; lastKnownFileType = sourcecode.c.objc; path = ZFCollectionViewFlowLayout.m; sourceTree = "<group>"; };
		18C778C11F998F590021B303 /* ZFSwiftViewController.h */ = {isa = PBXFileReference; lastKnownFileType = sourcecode.c.h; path = ZFSwiftViewController.h; sourceTree = "<group>"; };
		18C778C21F998F590021B303 /* ZFSwiftViewController.m */ = {isa = PBXFileReference; lastKnownFileType = sourcecode.c.objc; path = ZFSwiftViewController.m; sourceTree = "<group>"; };
		18C778C41F99A8160021B303 /* ZFFuncDetailViewController.h */ = {isa = PBXFileReference; lastKnownFileType = sourcecode.c.h; path = ZFFuncDetailViewController.h; sourceTree = "<group>"; };
		18C778C51F99A8160021B303 /* ZFFuncDetailViewController.m */ = {isa = PBXFileReference; lastKnownFileType = sourcecode.c.objc; path = ZFFuncDetailViewController.m; sourceTree = "<group>"; };
		18C778C71F99C6BC0021B303 /* ZFFunctionModel.h */ = {isa = PBXFileReference; lastKnownFileType = sourcecode.c.h; path = ZFFunctionModel.h; sourceTree = "<group>"; };
		18C778C81F99C6BC0021B303 /* ZFFunctionModel.m */ = {isa = PBXFileReference; lastKnownFileType = sourcecode.c.objc; path = ZFFunctionModel.m; sourceTree = "<group>"; };
		18C778CA1F99C6F40021B303 /* ZFFuncDetailTableView.h */ = {isa = PBXFileReference; lastKnownFileType = sourcecode.c.h; path = ZFFuncDetailTableView.h; sourceTree = "<group>"; };
		18C778CB1F99C6F40021B303 /* ZFFuncDetailTableView.m */ = {isa = PBXFileReference; lastKnownFileType = sourcecode.c.objc; path = ZFFuncDetailTableView.m; sourceTree = "<group>"; };
		18C778CD1F99C70C0021B303 /* ZFFuncDetailTableViewCell.h */ = {isa = PBXFileReference; lastKnownFileType = sourcecode.c.h; path = ZFFuncDetailTableViewCell.h; sourceTree = "<group>"; };
		18C778CE1F99C70C0021B303 /* ZFFuncDetailTableViewCell.m */ = {isa = PBXFileReference; lastKnownFileType = sourcecode.c.objc; path = ZFFuncDetailTableViewCell.m; sourceTree = "<group>"; };
		18C778D41F99E78E0021B303 /* ZFSliderViewController.h */ = {isa = PBXFileReference; lastKnownFileType = sourcecode.c.h; path = ZFSliderViewController.h; sourceTree = "<group>"; };
		18C778D51F99E78E0021B303 /* ZFSliderViewController.m */ = {isa = PBXFileReference; lastKnownFileType = sourcecode.c.objc; path = ZFSliderViewController.m; sourceTree = "<group>"; };
		18C778D71F99F2240021B303 /* ZFAutoSliderView.h */ = {isa = PBXFileReference; lastKnownFileType = sourcecode.c.h; path = ZFAutoSliderView.h; sourceTree = "<group>"; };
		18C778D81F99F2240021B303 /* ZFAutoSliderView.m */ = {isa = PBXFileReference; lastKnownFileType = sourcecode.c.objc; path = ZFAutoSliderView.m; sourceTree = "<group>"; };
		18C778DA1F99F2420021B303 /* ZFTextSliderView.h */ = {isa = PBXFileReference; lastKnownFileType = sourcecode.c.h; path = ZFTextSliderView.h; sourceTree = "<group>"; };
		18C778DB1F99F2420021B303 /* ZFTextSliderView.m */ = {isa = PBXFileReference; lastKnownFileType = sourcecode.c.objc; path = ZFTextSliderView.m; sourceTree = "<group>"; };
		18FD0AC51F7AA57B00D9E65B /* ZF_iOS.app */ = {isa = PBXFileReference; explicitFileType = wrapper.application; includeInIndex = 0; path = ZF_iOS.app; sourceTree = BUILT_PRODUCTS_DIR; };
		18FD0AC81F7AA57B00D9E65B /* AppDelegate.h */ = {isa = PBXFileReference; lastKnownFileType = sourcecode.c.h; path = AppDelegate.h; sourceTree = "<group>"; };
		18FD0AC91F7AA57B00D9E65B /* AppDelegate.m */ = {isa = PBXFileReference; lastKnownFileType = sourcecode.c.objc; path = AppDelegate.m; sourceTree = "<group>"; };
		18FD0ACB1F7AA57B00D9E65B /* ViewController.h */ = {isa = PBXFileReference; lastKnownFileType = sourcecode.c.h; path = ViewController.h; sourceTree = "<group>"; };
		18FD0ACC1F7AA57B00D9E65B /* ViewController.m */ = {isa = PBXFileReference; lastKnownFileType = sourcecode.c.objc; path = ViewController.m; sourceTree = "<group>"; };
		18FD0ACF1F7AA57B00D9E65B /* Base */ = {isa = PBXFileReference; lastKnownFileType = file.storyboard; name = Base; path = Base.lproj/Main.storyboard; sourceTree = "<group>"; };
		18FD0AD21F7AA57B00D9E65B /* ZF_iOS.xcdatamodel */ = {isa = PBXFileReference; lastKnownFileType = wrapper.xcdatamodel; path = ZF_iOS.xcdatamodel; sourceTree = "<group>"; };
		18FD0AD41F7AA57B00D9E65B /* Assets.xcassets */ = {isa = PBXFileReference; lastKnownFileType = folder.assetcatalog; path = Assets.xcassets; sourceTree = "<group>"; };
		18FD0AD71F7AA57B00D9E65B /* Base */ = {isa = PBXFileReference; lastKnownFileType = file.storyboard; name = Base; path = Base.lproj/LaunchScreen.storyboard; sourceTree = "<group>"; };
		18FD0AD91F7AA57B00D9E65B /* Info.plist */ = {isa = PBXFileReference; lastKnownFileType = text.plist.xml; path = Info.plist; sourceTree = "<group>"; };
		18FD0ADA1F7AA57B00D9E65B /* main.m */ = {isa = PBXFileReference; lastKnownFileType = sourcecode.c.objc; path = main.m; sourceTree = "<group>"; };
		18FD0AE01F7AA57C00D9E65B /* ZF_iOSTests.xctest */ = {isa = PBXFileReference; explicitFileType = wrapper.cfbundle; includeInIndex = 0; path = ZF_iOSTests.xctest; sourceTree = BUILT_PRODUCTS_DIR; };
		18FD0AE41F7AA57C00D9E65B /* ZF_iOSTests.m */ = {isa = PBXFileReference; lastKnownFileType = sourcecode.c.objc; path = ZF_iOSTests.m; sourceTree = "<group>"; };
		18FD0AE61F7AA57C00D9E65B /* Info.plist */ = {isa = PBXFileReference; lastKnownFileType = text.plist.xml; path = Info.plist; sourceTree = "<group>"; };
		18FD0AEB1F7AA57C00D9E65B /* ZF_iOSUITests.xctest */ = {isa = PBXFileReference; explicitFileType = wrapper.cfbundle; includeInIndex = 0; path = ZF_iOSUITests.xctest; sourceTree = BUILT_PRODUCTS_DIR; };
		18FD0AEF1F7AA57C00D9E65B /* ZF_iOSUITests.m */ = {isa = PBXFileReference; lastKnownFileType = sourcecode.c.objc; path = ZF_iOSUITests.m; sourceTree = "<group>"; };
		18FD0AF11F7AA57C00D9E65B /* Info.plist */ = {isa = PBXFileReference; lastKnownFileType = text.plist.xml; path = Info.plist; sourceTree = "<group>"; };
		18FD0B171F7AAA4500D9E65B /* ZFConstString.h */ = {isa = PBXFileReference; lastKnownFileType = sourcecode.c.h; path = ZFConstString.h; sourceTree = "<group>"; };
		18FD0B181F7AAA4500D9E65B /* ZFConstString.m */ = {isa = PBXFileReference; lastKnownFileType = sourcecode.c.objc; path = ZFConstString.m; sourceTree = "<group>"; };
		18FD0B1A1F7AAC4900D9E65B /* ZFBaseViewController.h */ = {isa = PBXFileReference; lastKnownFileType = sourcecode.c.h; path = ZFBaseViewController.h; sourceTree = "<group>"; };
		18FD0B1B1F7AAC4900D9E65B /* ZFBaseViewController.m */ = {isa = PBXFileReference; lastKnownFileType = sourcecode.c.objc; path = ZFBaseViewController.m; sourceTree = "<group>"; };
		18FD0B1D1F7AAC6400D9E65B /* ZFBaseTableViewController.h */ = {isa = PBXFileReference; lastKnownFileType = sourcecode.c.h; path = ZFBaseTableViewController.h; sourceTree = "<group>"; };
		18FD0B1E1F7AAC6400D9E65B /* ZFBaseTableViewController.m */ = {isa = PBXFileReference; lastKnownFileType = sourcecode.c.objc; path = ZFBaseTableViewController.m; sourceTree = "<group>"; };
		18FD0B201F7AAC7A00D9E65B /* ZFBaseTableView.h */ = {isa = PBXFileReference; lastKnownFileType = sourcecode.c.h; path = ZFBaseTableView.h; sourceTree = "<group>"; };
		18FD0B211F7AAC7A00D9E65B /* ZFBaseTableView.m */ = {isa = PBXFileReference; lastKnownFileType = sourcecode.c.objc; path = ZFBaseTableView.m; sourceTree = "<group>"; };
		18FD0B231F7AAC8B00D9E65B /* ZFModel.h */ = {isa = PBXFileReference; lastKnownFileType = sourcecode.c.h; path = ZFModel.h; sourceTree = "<group>"; };
		18FD0B241F7AAC8B00D9E65B /* ZFModel.m */ = {isa = PBXFileReference; lastKnownFileType = sourcecode.c.objc; path = ZFModel.m; sourceTree = "<group>"; };
		18FD0B261F7AACB000D9E65B /* ZFBaseNavigationController.h */ = {isa = PBXFileReference; lastKnownFileType = sourcecode.c.h; path = ZFBaseNavigationController.h; sourceTree = "<group>"; };
		18FD0B271F7AACB000D9E65B /* ZFBaseNavigationController.m */ = {isa = PBXFileReference; lastKnownFileType = sourcecode.c.objc; path = ZFBaseNavigationController.m; sourceTree = "<group>"; };
		18FD0B291F7AACCE00D9E65B /* ZFBaseTabBarController.h */ = {isa = PBXFileReference; lastKnownFileType = sourcecode.c.h; path = ZFBaseTabBarController.h; sourceTree = "<group>"; };
		18FD0B2A1F7AACCE00D9E65B /* ZFBaseTabBarController.m */ = {isa = PBXFileReference; lastKnownFileType = sourcecode.c.objc; path = ZFBaseTabBarController.m; sourceTree = "<group>"; };
		18FD0B2C1F7AADBA00D9E65B /* ZFNavigationController.h */ = {isa = PBXFileReference; lastKnownFileType = sourcecode.c.h; path = ZFNavigationController.h; sourceTree = "<group>"; };
		18FD0B2D1F7AADBA00D9E65B /* ZFNavigationController.m */ = {isa = PBXFileReference; lastKnownFileType = sourcecode.c.objc; path = ZFNavigationController.m; sourceTree = "<group>"; };
		18FD0B2F1F7AADD900D9E65B /* ZFTabBarController.h */ = {isa = PBXFileReference; lastKnownFileType = sourcecode.c.h; path = ZFTabBarController.h; sourceTree = "<group>"; };
		18FD0B301F7AADD900D9E65B /* ZFTabBarController.m */ = {isa = PBXFileReference; lastKnownFileType = sourcecode.c.objc; path = ZFTabBarController.m; sourceTree = "<group>"; };
		18FD0B471F7AAEDD00D9E65B /* ZFThreeViewController.h */ = {isa = PBXFileReference; lastKnownFileType = sourcecode.c.h; path = ZFThreeViewController.h; sourceTree = "<group>"; };
		18FD0B481F7AAEDD00D9E65B /* ZFThreeViewController.m */ = {isa = PBXFileReference; lastKnownFileType = sourcecode.c.objc; path = ZFThreeViewController.m; sourceTree = "<group>"; };
		18FD0B4A1F7AAEE900D9E65B /* ZFFourViewController.h */ = {isa = PBXFileReference; lastKnownFileType = sourcecode.c.h; path = ZFFourViewController.h; sourceTree = "<group>"; };
		18FD0B4B1F7AAEE900D9E65B /* ZFFourViewController.m */ = {isa = PBXFileReference; lastKnownFileType = sourcecode.c.objc; path = ZFFourViewController.m; sourceTree = "<group>"; };
		18FD0B591F7AAFC100D9E65B /* TThreeModel.h */ = {isa = PBXFileReference; lastKnownFileType = sourcecode.c.h; path = TThreeModel.h; sourceTree = "<group>"; };
		18FD0B5A1F7AAFC100D9E65B /* TThreeModel.m */ = {isa = PBXFileReference; lastKnownFileType = sourcecode.c.objc; path = TThreeModel.m; sourceTree = "<group>"; };
		18FD0B651F7AB07100D9E65B /* ZFMacros.h */ = {isa = PBXFileReference; lastKnownFileType = sourcecode.c.h; path = ZFMacros.h; sourceTree = "<group>"; };
		18FD0B661F7AB08300D9E65B /* ZFURL.h */ = {isa = PBXFileReference; lastKnownFileType = sourcecode.c.h; path = ZFURL.h; sourceTree = "<group>"; };
		18FE42C61F97A63A00424F3D /* ZFFunctionsViewController.h */ = {isa = PBXFileReference; lastKnownFileType = sourcecode.c.h; path = ZFFunctionsViewController.h; sourceTree = "<group>"; };
		18FE42C71F97A63A00424F3D /* ZFFunctionsViewController.m */ = {isa = PBXFileReference; lastKnownFileType = sourcecode.c.objc; path = ZFFunctionsViewController.m; sourceTree = "<group>"; };
		1FF246CC79CA9B336C69305C /* Pods-ZF_iOS.release.xcconfig */ = {isa = PBXFileReference; includeInIndex = 1; lastKnownFileType = text.xcconfig; name = "Pods-ZF_iOS.release.xcconfig"; path = "Pods/Target Support Files/Pods-ZF_iOS/Pods-ZF_iOS.release.xcconfig"; sourceTree = "<group>"; };
		7A2E6505ED192909EC103AE0 /* Pods-ZF_iOS.debug.xcconfig */ = {isa = PBXFileReference; includeInIndex = 1; lastKnownFileType = text.xcconfig; name = "Pods-ZF_iOS.debug.xcconfig"; path = "Pods/Target Support Files/Pods-ZF_iOS/Pods-ZF_iOS.debug.xcconfig"; sourceTree = "<group>"; };
		A9B1EB79544F65AEB4348BC0 /* libPods-ZF_iOS.a */ = {isa = PBXFileReference; explicitFileType = archive.ar; includeInIndex = 0; path = "libPods-ZF_iOS.a"; sourceTree = BUILT_PRODUCTS_DIR; };
/* End PBXFileReference section */

/* Begin PBXFrameworksBuildPhase section */
		18FD0AC21F7AA57B00D9E65B /* Frameworks */ = {
			isa = PBXFrameworksBuildPhase;
			buildActionMask = 2147483647;
			files = (
				181BEB341F7E1E4D00E1C054 /* Bugly.framework in Frameworks */,
				181BEB2E1F7E198900E1C054 /* libc++.tbd in Frameworks */,
				181BEB2C1F7E197D00E1C054 /* libz.tbd in Frameworks */,
				181BEB2A1F7E196E00E1C054 /* Security.framework in Frameworks */,
				181BEB281F7E196600E1C054 /* SystemConfiguration.framework in Frameworks */,
				3B25372194F91EFB502D9774 /* libPods-ZF_iOS.a in Frameworks */,
			);
			runOnlyForDeploymentPostprocessing = 0;
		};
		18FD0ADD1F7AA57C00D9E65B /* Frameworks */ = {
			isa = PBXFrameworksBuildPhase;
			buildActionMask = 2147483647;
			files = (
			);
			runOnlyForDeploymentPostprocessing = 0;
		};
		18FD0AE81F7AA57C00D9E65B /* Frameworks */ = {
			isa = PBXFrameworksBuildPhase;
			buildActionMask = 2147483647;
			files = (
			);
			runOnlyForDeploymentPostprocessing = 0;
		};
/* End PBXFrameworksBuildPhase section */

/* Begin PBXGroup section */
		181BEB211F7DF3BA00E1C054 /* ZFTools */ = {
			isa = PBXGroup;
			children = (
				18A6AA971F96E885003631C1 /* UIView+RollView.h */,
				18A6AA961F96E885003631C1 /* UIView+RollView.m */,
				181BEB221F7DF43D00E1C054 /* UIColor+ZFColor.h */,
				181BEB231F7DF43D00E1C054 /* UIColor+ZFColor.m */,
			);
			path = ZFTools;
			sourceTree = "<group>";
		};
		181BEB321F7E1E0800E1C054 /* ZFFrameworks */ = {
			isa = PBXGroup;
			children = (
				181BEB331F7E1E2C00E1C054 /* Bugly.framework */,
			);
			path = ZFFrameworks;
			sourceTree = "<group>";
		};
		181BEB351F7E1EF600E1C054 /* 04Bugly */ = {
			isa = PBXGroup;
			children = (
				181BEB361F7E1EF600E1C054 /* Controller */,
				181BEB371F7E1EF600E1C054 /* Model */,
				181BEB381F7E1EF600E1C054 /* View */,
			);
			path = 04Bugly;
			sourceTree = "<group>";
		};
		181BEB361F7E1EF600E1C054 /* Controller */ = {
			isa = PBXGroup;
			children = (
				181BEB391F7E1F1D00E1C054 /* ZFBuglyViewController.h */,
				181BEB3A1F7E1F1D00E1C054 /* ZFBuglyViewController.m */,
			);
			path = Controller;
			sourceTree = "<group>";
		};
		181BEB371F7E1EF600E1C054 /* Model */ = {
			isa = PBXGroup;
			children = (
			);
			path = Model;
			sourceTree = "<group>";
		};
		181BEB381F7E1EF600E1C054 /* View */ = {
			isa = PBXGroup;
			children = (
			);
			path = View;
			sourceTree = "<group>";
		};
		181BEB3C1F7E2B0900E1C054 /* 01PerformanceOptimization */ = {
			isa = PBXGroup;
			children = (
				181BEB3D1F7E2B0900E1C054 /* Controller */,
				181BEB3E1F7E2B0900E1C054 /* Model */,
				181BEB3F1F7E2B0900E1C054 /* View */,
			);
			path = 01PerformanceOptimization;
			sourceTree = "<group>";
		};
		181BEB3D1F7E2B0900E1C054 /* Controller */ = {
			isa = PBXGroup;
			children = (
				181BEB461F7E2CA600E1C054 /* ZFPerformanceOptimizationViewController.h */,
				181BEB451F7E2CA500E1C054 /* ZFPerformanceOptimizationViewController.m */,
			);
			path = Controller;
			sourceTree = "<group>";
		};
		181BEB3E1F7E2B0900E1C054 /* Model */ = {
			isa = PBXGroup;
			children = (
			);
			path = Model;
			sourceTree = "<group>";
		};
		181BEB3F1F7E2B0900E1C054 /* View */ = {
			isa = PBXGroup;
			children = (
			);
			path = View;
			sourceTree = "<group>";
		};
		18379C291F7B5BC100D6DC5A /* Subpage */ = {
			isa = PBXGroup;
			children = (
				18C778D01F99E2F10021B303 /* 01-Slider */,
			);
			path = Subpage;
			sourceTree = "<group>";
		};
		18A2153C1F97201D008AA880 /* ZFResource */ = {
			isa = PBXGroup;
			children = (
			);
			path = ZFResource;
			sourceTree = "<group>";
		};
		18A215551F974619008AA880 /* ZFWelcome */ = {
			isa = PBXGroup;
			children = (
				18A215561F974619008AA880 /* Controller */,
				18A215571F974619008AA880 /* View */,
			);
			path = ZFWelcome;
			sourceTree = "<group>";
		};
		18A215561F974619008AA880 /* Controller */ = {
			isa = PBXGroup;
			children = (
				18A215591F974646008AA880 /* ZFWelcomeViewController.h */,
				18A215581F974646008AA880 /* ZFWelcomeViewController.m */,
			);
			path = Controller;
			sourceTree = "<group>";
		};
		18A215571F974619008AA880 /* View */ = {
			isa = PBXGroup;
			children = (
				18A2155A1F974660008AA880 /* ZFWelcomeView.h */,
				18A2155B1F974660008AA880 /* ZFWelcomeView.m */,
			);
			path = View;
			sourceTree = "<group>";
		};
		18C778D01F99E2F10021B303 /* 01-Slider */ = {
			isa = PBXGroup;
			children = (
				18C778D11F99E2F10021B303 /* Controller */,
				18C778D21F99E2F10021B303 /* Model */,
				18C778D31F99E2F10021B303 /* View */,
			);
			path = "01-Slider";
			sourceTree = "<group>";
		};
		18C778D11F99E2F10021B303 /* Controller */ = {
			isa = PBXGroup;
			children = (
				18C778D41F99E78E0021B303 /* ZFSliderViewController.h */,
				18C778D51F99E78E0021B303 /* ZFSliderViewController.m */,
			);
			path = Controller;
			sourceTree = "<group>";
		};
		18C778D21F99E2F10021B303 /* Model */ = {
			isa = PBXGroup;
			children = (
			);
			path = Model;
			sourceTree = "<group>";
		};
		18C778D31F99E2F10021B303 /* View */ = {
			isa = PBXGroup;
			children = (
				18C778D71F99F2240021B303 /* ZFAutoSliderView.h */,
				18C778D81F99F2240021B303 /* ZFAutoSliderView.m */,
				18C778DA1F99F2420021B303 /* ZFTextSliderView.h */,
				18C778DB1F99F2420021B303 /* ZFTextSliderView.m */,
			);
			path = View;
			sourceTree = "<group>";
		};
		18FD0ABC1F7AA57B00D9E65B = {
			isa = PBXGroup;
			children = (
				18FD0AC71F7AA57B00D9E65B /* ZF_iOS */,
				18FD0AFD1F7AA78100D9E65B /* ZFClass */,
				18FD0AE31F7AA57C00D9E65B /* ZF_iOSTests */,
				18FD0AEE1F7AA57C00D9E65B /* ZF_iOSUITests */,
				18FD0AC61F7AA57B00D9E65B /* Products */,
				CAA830D43AF747824F47C4AA /* Pods */,
				C7600F237DD2D52CE0D17A85 /* Frameworks */,
			);
			sourceTree = "<group>";
			wrapsLines = 0;
		};
		18FD0AC61F7AA57B00D9E65B /* Products */ = {
			isa = PBXGroup;
			children = (
				18FD0AC51F7AA57B00D9E65B /* ZF_iOS.app */,
				18FD0AE01F7AA57C00D9E65B /* ZF_iOSTests.xctest */,
				18FD0AEB1F7AA57C00D9E65B /* ZF_iOSUITests.xctest */,
			);
			name = Products;
			sourceTree = "<group>";
		};
		18FD0AC71F7AA57B00D9E65B /* ZF_iOS */ = {
			isa = PBXGroup;
			children = (
				18379C1C1F7B319300D6DC5A /* PrefixHeader.pch */,
				18FD0AC81F7AA57B00D9E65B /* AppDelegate.h */,
				18FD0AC91F7AA57B00D9E65B /* AppDelegate.m */,
				18FD0ACB1F7AA57B00D9E65B /* ViewController.h */,
				18FD0ACC1F7AA57B00D9E65B /* ViewController.m */,
				18FD0ACE1F7AA57B00D9E65B /* Main.storyboard */,
				18FD0AD41F7AA57B00D9E65B /* Assets.xcassets */,
				18FD0AD61F7AA57B00D9E65B /* LaunchScreen.storyboard */,
				18FD0AD91F7AA57B00D9E65B /* Info.plist */,
				18FD0ADA1F7AA57B00D9E65B /* main.m */,
				18FD0AD11F7AA57B00D9E65B /* ZF_iOS.xcdatamodeld */,
			);
			path = ZF_iOS;
			sourceTree = "<group>";
		};
		18FD0AE31F7AA57C00D9E65B /* ZF_iOSTests */ = {
			isa = PBXGroup;
			children = (
				18FD0AE41F7AA57C00D9E65B /* ZF_iOSTests.m */,
				18FD0AE61F7AA57C00D9E65B /* Info.plist */,
			);
			path = ZF_iOSTests;
			sourceTree = "<group>";
		};
		18FD0AEE1F7AA57C00D9E65B /* ZF_iOSUITests */ = {
			isa = PBXGroup;
			children = (
				18FD0AEF1F7AA57C00D9E65B /* ZF_iOSUITests.m */,
				18FD0AF11F7AA57C00D9E65B /* Info.plist */,
			);
			path = ZF_iOSUITests;
			sourceTree = "<group>";
		};
		18FD0AFD1F7AA78100D9E65B /* ZFClass */ = {
			isa = PBXGroup;
			children = (
				181BEB211F7DF3BA00E1C054 /* ZFTools */,
				18A2153C1F97201D008AA880 /* ZFResource */,
				18FD0B121F7AA78100D9E65B /* ZFApp */,
				18FD0B0E1F7AA78100D9E65B /* ZFBase */,
				18A215551F974619008AA880 /* ZFWelcome */,
				18FD0B061F7AA78100D9E65B /* ZFMain */,
				18FD0B021F7AA78100D9E65B /* ZFFunctions */,
				18FD0AFE1F7AA78100D9E65B /* ZFSwift */,
				18FD0B131F7AA78100D9E65B /* ZFThree */,
				18FD0B0A1F7AA78100D9E65B /* ZFFour */,
				181BEB321F7E1E0800E1C054 /* ZFFrameworks */,
			);
			path = ZFClass;
			sourceTree = "<group>";
		};
		18FD0AFE1F7AA78100D9E65B /* ZFSwift */ = {
			isa = PBXGroup;
			children = (
				18FD0AFF1F7AA78100D9E65B /* Controller */,
				18FD0B001F7AA78100D9E65B /* Model */,
				18FD0B011F7AA78100D9E65B /* View */,
			);
			path = ZFSwift;
			sourceTree = "<group>";
		};
		18FD0AFF1F7AA78100D9E65B /* Controller */ = {
			isa = PBXGroup;
			children = (
				18C778C11F998F590021B303 /* ZFSwiftViewController.h */,
				18C778C21F998F590021B303 /* ZFSwiftViewController.m */,
			);
			path = Controller;
			sourceTree = "<group>";
		};
		18FD0B001F7AA78100D9E65B /* Model */ = {
			isa = PBXGroup;
			children = (
			);
			path = Model;
			sourceTree = "<group>";
		};
		18FD0B011F7AA78100D9E65B /* View */ = {
			isa = PBXGroup;
			children = (
			);
			path = View;
			sourceTree = "<group>";
		};
		18FD0B021F7AA78100D9E65B /* ZFFunctions */ = {
			isa = PBXGroup;
			children = (
				18FD0B031F7AA78100D9E65B /* Controller */,
				18FD0B041F7AA78100D9E65B /* Model */,
				18FD0B051F7AA78100D9E65B /* View */,
				18379C291F7B5BC100D6DC5A /* Subpage */,
			);
			path = ZFFunctions;
			sourceTree = "<group>";
		};
		18FD0B031F7AA78100D9E65B /* Controller */ = {
			isa = PBXGroup;
			children = (
				18FE42C61F97A63A00424F3D /* ZFFunctionsViewController.h */,
				18FE42C71F97A63A00424F3D /* ZFFunctionsViewController.m */,
				18C778C41F99A8160021B303 /* ZFFuncDetailViewController.h */,
				18C778C51F99A8160021B303 /* ZFFuncDetailViewController.m */,
			);
			path = Controller;
			sourceTree = "<group>";
		};
		18FD0B041F7AA78100D9E65B /* Model */ = {
			isa = PBXGroup;
			children = (
				18C778C71F99C6BC0021B303 /* ZFFunctionModel.h */,
				18C778C81F99C6BC0021B303 /* ZFFunctionModel.m */,
			);
			path = Model;
			sourceTree = "<group>";
		};
		18FD0B051F7AA78100D9E65B /* View */ = {
			isa = PBXGroup;
			children = (
				1814904C1F98A21C0047FFF4 /* ZFFunctionsView.h */,
				1814904D1F98A21C0047FFF4 /* ZFFunctionsView.m */,
				181490521F98A3240047FFF4 /* ZFFirstSinView.h */,
				181490531F98A3240047FFF4 /* ZFFirstSinView.m */,
				18C778CA1F99C6F40021B303 /* ZFFuncDetailTableView.h */,
				18C778CB1F99C6F40021B303 /* ZFFuncDetailTableView.m */,
				18C778CD1F99C70C0021B303 /* ZFFuncDetailTableViewCell.h */,
				18C778CE1F99C70C0021B303 /* ZFFuncDetailTableViewCell.m */,
			);
			path = View;
			sourceTree = "<group>";
		};
		18FD0B061F7AA78100D9E65B /* ZFMain */ = {
			isa = PBXGroup;
			children = (
				18FD0B071F7AA78100D9E65B /* Controller */,
			);
			path = ZFMain;
			sourceTree = "<group>";
		};
		18FD0B071F7AA78100D9E65B /* Controller */ = {
			isa = PBXGroup;
			children = (
				18FD0B2F1F7AADD900D9E65B /* ZFTabBarController.h */,
				18FD0B301F7AADD900D9E65B /* ZFTabBarController.m */,
				18FD0B2C1F7AADBA00D9E65B /* ZFNavigationController.h */,
				18FD0B2D1F7AADBA00D9E65B /* ZFNavigationController.m */,
			);
			path = Controller;
			sourceTree = "<group>";
		};
		18FD0B0A1F7AA78100D9E65B /* ZFFour */ = {
			isa = PBXGroup;
			children = (
				18FD0B0B1F7AA78100D9E65B /* Controller */,
				18FD0B0C1F7AA78100D9E65B /* Model */,
				18FD0B0D1F7AA78100D9E65B /* View */,
				181BEB3C1F7E2B0900E1C054 /* 01PerformanceOptimization */,
				181BEB351F7E1EF600E1C054 /* 04Bugly */,
			);
			path = ZFFour;
			sourceTree = "<group>";
		};
		18FD0B0B1F7AA78100D9E65B /* Controller */ = {
			isa = PBXGroup;
			children = (
				18FD0B4A1F7AAEE900D9E65B /* ZFFourViewController.h */,
				18FD0B4B1F7AAEE900D9E65B /* ZFFourViewController.m */,
			);
			path = Controller;
			sourceTree = "<group>";
		};
		18FD0B0C1F7AA78100D9E65B /* Model */ = {
			isa = PBXGroup;
			children = (
				181BEB181F7DE11E00E1C054 /* ZFFourModel.h */,
				181BEB191F7DE11E00E1C054 /* ZFFourModel.m */,
			);
			path = Model;
			sourceTree = "<group>";
		};
		18FD0B0D1F7AA78100D9E65B /* View */ = {
			isa = PBXGroup;
			children = (
				181BEB1B1F7DE17700E1C054 /* ZFFourTableView.h */,
				181BEB1C1F7DE17700E1C054 /* ZFFourTableView.m */,
				181BEB1E1F7DE18C00E1C054 /* ZFFourTableViewCell.h */,
				181BEB1F1F7DE18C00E1C054 /* ZFFourTableViewCell.m */,
			);
			path = View;
			sourceTree = "<group>";
		};
		18FD0B0E1F7AA78100D9E65B /* ZFBase */ = {
			isa = PBXGroup;
			children = (
				18FD0B0F1F7AA78100D9E65B /* Controller */,
				18FD0B101F7AA78100D9E65B /* Model */,
				18FD0B111F7AA78100D9E65B /* View */,
			);
			path = ZFBase;
			sourceTree = "<group>";
		};
		18FD0B0F1F7AA78100D9E65B /* Controller */ = {
			isa = PBXGroup;
			children = (
				18FD0B291F7AACCE00D9E65B /* ZFBaseTabBarController.h */,
				18FD0B2A1F7AACCE00D9E65B /* ZFBaseTabBarController.m */,
				18FD0B261F7AACB000D9E65B /* ZFBaseNavigationController.h */,
				18FD0B271F7AACB000D9E65B /* ZFBaseNavigationController.m */,
				18FD0B1A1F7AAC4900D9E65B /* ZFBaseViewController.h */,
				18FD0B1B1F7AAC4900D9E65B /* ZFBaseViewController.m */,
				18FD0B1D1F7AAC6400D9E65B /* ZFBaseTableViewController.h */,
				18FD0B1E1F7AAC6400D9E65B /* ZFBaseTableViewController.m */,
			);
			path = Controller;
			sourceTree = "<group>";
		};
		18FD0B101F7AA78100D9E65B /* Model */ = {
			isa = PBXGroup;
			children = (
				18FD0B231F7AAC8B00D9E65B /* ZFModel.h */,
				18FD0B241F7AAC8B00D9E65B /* ZFModel.m */,
			);
			path = Model;
			sourceTree = "<group>";
		};
		18FD0B111F7AA78100D9E65B /* View */ = {
			isa = PBXGroup;
			children = (
				18FD0B201F7AAC7A00D9E65B /* ZFBaseTableView.h */,
				18FD0B211F7AAC7A00D9E65B /* ZFBaseTableView.m */,
				18379C231F7B4ADD00D6DC5A /* ZFBaseTableViewCell.h */,
				18379C241F7B4ADD00D6DC5A /* ZFBaseTableViewCell.m */,
			);
			path = View;
			sourceTree = "<group>";
		};
		18FD0B121F7AA78100D9E65B /* ZFApp */ = {
			isa = PBXGroup;
			children = (
				18FD0B171F7AAA4500D9E65B /* ZFConstString.h */,
				18FD0B181F7AAA4500D9E65B /* ZFConstString.m */,
				18FD0B651F7AB07100D9E65B /* ZFMacros.h */,
				18FD0B661F7AB08300D9E65B /* ZFURL.h */,
				1899731C1F7B6E930037230C /* ZFEnum.h */,
			);
			path = ZFApp;
			sourceTree = "<group>";
		};
		18FD0B131F7AA78100D9E65B /* ZFThree */ = {
			isa = PBXGroup;
			children = (
				18FD0B141F7AA78100D9E65B /* Controller */,
				18FD0B151F7AA78100D9E65B /* Model */,
				18FD0B161F7AA78100D9E65B /* View */,
			);
			path = ZFThree;
			sourceTree = "<group>";
		};
		18FD0B141F7AA78100D9E65B /* Controller */ = {
			isa = PBXGroup;
			children = (
				18FD0B471F7AAEDD00D9E65B /* ZFThreeViewController.h */,
				18FD0B481F7AAEDD00D9E65B /* ZFThreeViewController.m */,
			);
			path = Controller;
			sourceTree = "<group>";
		};
		18FD0B151F7AA78100D9E65B /* Model */ = {
			isa = PBXGroup;
			children = (
				18FD0B591F7AAFC100D9E65B /* TThreeModel.h */,
				18FD0B5A1F7AAFC100D9E65B /* TThreeModel.m */,
			);
			path = Model;
			sourceTree = "<group>";
		};
		18FD0B161F7AA78100D9E65B /* View */ = {
			isa = PBXGroup;
			children = (
				18AE20361F8B6A2A0076C334 /* ZFThreeCollectionView.h */,
				18AE20371F8B6A2A0076C334 /* ZFThreeCollectionView.m */,
				18AE20391F8B6A400076C334 /* ZFThreeCollectionViewCell.h */,
				18AE203A1F8B6A400076C334 /* ZFThreeCollectionViewCell.m */,
				18AE203C1F8B6B910076C334 /* ZFCollectionViewFlowLayout.h */,
				18AE203D1F8B6B910076C334 /* ZFCollectionViewFlowLayout.m */,
			);
			path = View;
			sourceTree = "<group>";
		};
		C7600F237DD2D52CE0D17A85 /* Frameworks */ = {
			isa = PBXGroup;
			children = (
				181BEB2D1F7E198900E1C054 /* libc++.tbd */,
				181BEB2B1F7E197D00E1C054 /* libz.tbd */,
				181BEB291F7E196E00E1C054 /* Security.framework */,
				181BEB271F7E196600E1C054 /* SystemConfiguration.framework */,
				A9B1EB79544F65AEB4348BC0 /* libPods-ZF_iOS.a */,
			);
			name = Frameworks;
			sourceTree = "<group>";
		};
		CAA830D43AF747824F47C4AA /* Pods */ = {
			isa = PBXGroup;
			children = (
				7A2E6505ED192909EC103AE0 /* Pods-ZF_iOS.debug.xcconfig */,
				1FF246CC79CA9B336C69305C /* Pods-ZF_iOS.release.xcconfig */,
			);
			name = Pods;
			sourceTree = "<group>";
		};
/* End PBXGroup section */

/* Begin PBXNativeTarget section */
		18FD0AC41F7AA57B00D9E65B /* ZF_iOS */ = {
			isa = PBXNativeTarget;
			buildConfigurationList = 18FD0AF41F7AA57C00D9E65B /* Build configuration list for PBXNativeTarget "ZF_iOS" */;
			buildPhases = (
				3AB4F61D8E9EBE9DAA80B4A5 /* [CP] Check Pods Manifest.lock */,
				18FD0AC11F7AA57B00D9E65B /* Sources */,
				18FD0AC21F7AA57B00D9E65B /* Frameworks */,
				18FD0AC31F7AA57B00D9E65B /* Resources */,
				FF5172DA6BBD80C2B312F70D /* [CP] Embed Pods Frameworks */,
				946C3304B93C649F37FDAD3E /* [CP] Copy Pods Resources */,
			);
			buildRules = (
			);
			dependencies = (
			);
			name = ZF_iOS;
			productName = ZF_iOS;
			productReference = 18FD0AC51F7AA57B00D9E65B /* ZF_iOS.app */;
			productType = "com.apple.product-type.application";
		};
		18FD0ADF1F7AA57C00D9E65B /* ZF_iOSTests */ = {
			isa = PBXNativeTarget;
			buildConfigurationList = 18FD0AF71F7AA57C00D9E65B /* Build configuration list for PBXNativeTarget "ZF_iOSTests" */;
			buildPhases = (
				18FD0ADC1F7AA57C00D9E65B /* Sources */,
				18FD0ADD1F7AA57C00D9E65B /* Frameworks */,
				18FD0ADE1F7AA57C00D9E65B /* Resources */,
			);
			buildRules = (
			);
			dependencies = (
				18FD0AE21F7AA57C00D9E65B /* PBXTargetDependency */,
			);
			name = ZF_iOSTests;
			productName = ZF_iOSTests;
			productReference = 18FD0AE01F7AA57C00D9E65B /* ZF_iOSTests.xctest */;
			productType = "com.apple.product-type.bundle.unit-test";
		};
		18FD0AEA1F7AA57C00D9E65B /* ZF_iOSUITests */ = {
			isa = PBXNativeTarget;
			buildConfigurationList = 18FD0AFA1F7AA57C00D9E65B /* Build configuration list for PBXNativeTarget "ZF_iOSUITests" */;
			buildPhases = (
				18FD0AE71F7AA57C00D9E65B /* Sources */,
				18FD0AE81F7AA57C00D9E65B /* Frameworks */,
				18FD0AE91F7AA57C00D9E65B /* Resources */,
			);
			buildRules = (
			);
			dependencies = (
				18FD0AED1F7AA57C00D9E65B /* PBXTargetDependency */,
			);
			name = ZF_iOSUITests;
			productName = ZF_iOSUITests;
			productReference = 18FD0AEB1F7AA57C00D9E65B /* ZF_iOSUITests.xctest */;
			productType = "com.apple.product-type.bundle.ui-testing";
		};
/* End PBXNativeTarget section */

/* Begin PBXProject section */
		18FD0ABD1F7AA57B00D9E65B /* Project object */ = {
			isa = PBXProject;
			attributes = {
				LastUpgradeCheck = 0900;
				ORGANIZATIONNAME = "张木锋";
				TargetAttributes = {
					18FD0AC41F7AA57B00D9E65B = {
						CreatedOnToolsVersion = 9.0;
						LastSwiftMigration = 0900;
						ProvisioningStyle = Automatic;
					};
					18FD0ADF1F7AA57C00D9E65B = {
						CreatedOnToolsVersion = 9.0;
						ProvisioningStyle = Automatic;
						TestTargetID = 18FD0AC41F7AA57B00D9E65B;
					};
					18FD0AEA1F7AA57C00D9E65B = {
						CreatedOnToolsVersion = 9.0;
						ProvisioningStyle = Automatic;
						TestTargetID = 18FD0AC41F7AA57B00D9E65B;
					};
				};
			};
			buildConfigurationList = 18FD0AC01F7AA57B00D9E65B /* Build configuration list for PBXProject "ZF_iOS" */;
			compatibilityVersion = "Xcode 8.0";
			developmentRegion = en;
			hasScannedForEncodings = 0;
			knownRegions = (
				en,
				Base,
			);
			mainGroup = 18FD0ABC1F7AA57B00D9E65B;
			productRefGroup = 18FD0AC61F7AA57B00D9E65B /* Products */;
			projectDirPath = "";
			projectRoot = "";
			targets = (
				18FD0AC41F7AA57B00D9E65B /* ZF_iOS */,
				18FD0ADF1F7AA57C00D9E65B /* ZF_iOSTests */,
				18FD0AEA1F7AA57C00D9E65B /* ZF_iOSUITests */,
			);
		};
/* End PBXProject section */

/* Begin PBXResourcesBuildPhase section */
		18FD0AC31F7AA57B00D9E65B /* Resources */ = {
			isa = PBXResourcesBuildPhase;
			buildActionMask = 2147483647;
			files = (
				18FD0AD81F7AA57B00D9E65B /* LaunchScreen.storyboard in Resources */,
				18FD0AD51F7AA57B00D9E65B /* Assets.xcassets in Resources */,
				18FD0AD01F7AA57B00D9E65B /* Main.storyboard in Resources */,
			);
			runOnlyForDeploymentPostprocessing = 0;
		};
		18FD0ADE1F7AA57C00D9E65B /* Resources */ = {
			isa = PBXResourcesBuildPhase;
			buildActionMask = 2147483647;
			files = (
			);
			runOnlyForDeploymentPostprocessing = 0;
		};
		18FD0AE91F7AA57C00D9E65B /* Resources */ = {
			isa = PBXResourcesBuildPhase;
			buildActionMask = 2147483647;
			files = (
			);
			runOnlyForDeploymentPostprocessing = 0;
		};
/* End PBXResourcesBuildPhase section */

/* Begin PBXShellScriptBuildPhase section */
		3AB4F61D8E9EBE9DAA80B4A5 /* [CP] Check Pods Manifest.lock */ = {
			isa = PBXShellScriptBuildPhase;
			buildActionMask = 2147483647;
			files = (
			);
			inputPaths = (
				"${PODS_PODFILE_DIR_PATH}/Podfile.lock",
				"${PODS_ROOT}/Manifest.lock",
			);
			name = "[CP] Check Pods Manifest.lock";
			outputPaths = (
				"$(DERIVED_FILE_DIR)/Pods-ZF_iOS-checkManifestLockResult.txt",
			);
			runOnlyForDeploymentPostprocessing = 0;
			shellPath = /bin/sh;
			shellScript = "diff \"${PODS_PODFILE_DIR_PATH}/Podfile.lock\" \"${PODS_ROOT}/Manifest.lock\" > /dev/null\nif [ $? != 0 ] ; then\n    # print error to STDERR\n    echo \"error: The sandbox is not in sync with the Podfile.lock. Run 'pod install' or update your CocoaPods installation.\" >&2\n    exit 1\nfi\n# This output is used by Xcode 'outputs' to avoid re-running this script phase.\necho \"SUCCESS\" > \"${SCRIPT_OUTPUT_FILE_0}\"\n";
			showEnvVarsInLog = 0;
		};
		946C3304B93C649F37FDAD3E /* [CP] Copy Pods Resources */ = {
			isa = PBXShellScriptBuildPhase;
			buildActionMask = 2147483647;
			files = (
			);
			inputPaths = (
			);
			name = "[CP] Copy Pods Resources";
			outputPaths = (
			);
			runOnlyForDeploymentPostprocessing = 0;
			shellPath = /bin/sh;
			shellScript = "\"${SRCROOT}/Pods/Target Support Files/Pods-ZF_iOS/Pods-ZF_iOS-resources.sh\"\n";
			showEnvVarsInLog = 0;
		};
		FF5172DA6BBD80C2B312F70D /* [CP] Embed Pods Frameworks */ = {
			isa = PBXShellScriptBuildPhase;
			buildActionMask = 2147483647;
			files = (
			);
			inputPaths = (
			);
			name = "[CP] Embed Pods Frameworks";
			outputPaths = (
			);
			runOnlyForDeploymentPostprocessing = 0;
			shellPath = /bin/sh;
			shellScript = "\"${SRCROOT}/Pods/Target Support Files/Pods-ZF_iOS/Pods-ZF_iOS-frameworks.sh\"\n";
			showEnvVarsInLog = 0;
		};
/* End PBXShellScriptBuildPhase section */

/* Begin PBXSourcesBuildPhase section */
		18FD0AC11F7AA57B00D9E65B /* Sources */ = {
			isa = PBXSourcesBuildPhase;
			buildActionMask = 2147483647;
			files = (
				18A2155D1F9752A7008AA880 /* ZFWelcomeViewController.m in Sources */,
				181BEB471F7E2CC400E1C054 /* ZFPerformanceOptimizationViewController.m in Sources */,
				18AE20381F8B6A2A0076C334 /* ZFThreeCollectionView.m in Sources */,
				181BEB3B1F7E1F1D00E1C054 /* ZFBuglyViewController.m in Sources */,
				18A2155C1F974660008AA880 /* ZFWelcomeView.m in Sources */,
				18FD0B191F7AAA4500D9E65B /* ZFConstString.m in Sources */,
				1814904E1F98A21C0047FFF4 /* ZFFunctionsView.m in Sources */,
				18A6AA981F96E886003631C1 /* UIView+RollView.m in Sources */,
				18C778DC1F99F2420021B303 /* ZFTextSliderView.m in Sources */,
				18C778CC1F99C6F40021B303 /* ZFFuncDetailTableView.m in Sources */,
				18FE42C81F97A63A00424F3D /* ZFFunctionsViewController.m in Sources */,
				18FD0B2B1F7AACCE00D9E65B /* ZFBaseTabBarController.m in Sources */,
				18C778D91F99F2240021B303 /* ZFAutoSliderView.m in Sources */,
				18C778C91F99C6BC0021B303 /* ZFFunctionModel.m in Sources */,
				18FD0B4C1F7AAEE900D9E65B /* ZFFourViewController.m in Sources */,
				18FD0ACD1F7AA57B00D9E65B /* ViewController.m in Sources */,
				18FD0B281F7AACB000D9E65B /* ZFBaseNavigationController.m in Sources */,
				18FD0B221F7AAC7A00D9E65B /* ZFBaseTableView.m in Sources */,
				18FD0B251F7AAC8B00D9E65B /* ZFModel.m in Sources */,
				18FD0AD31F7AA57B00D9E65B /* ZF_iOS.xcdatamodeld in Sources */,
				18FD0B491F7AAEDD00D9E65B /* ZFThreeViewController.m in Sources */,
				18C778C61F99A8160021B303 /* ZFFuncDetailViewController.m in Sources */,
				181BEB1D1F7DE17700E1C054 /* ZFFourTableView.m in Sources */,
				18C778CF1F99C70C0021B303 /* ZFFuncDetailTableViewCell.m in Sources */,
				18FD0B311F7AADD900D9E65B /* ZFTabBarController.m in Sources */,
				18AE203B1F8B6A400076C334 /* ZFThreeCollectionViewCell.m in Sources */,
				18FD0B1C1F7AAC4900D9E65B /* ZFBaseViewController.m in Sources */,
				18FD0ADB1F7AA57B00D9E65B /* main.m in Sources */,
				18FD0ACA1F7AA57B00D9E65B /* AppDelegate.m in Sources */,
				181BEB241F7DF43D00E1C054 /* UIColor+ZFColor.m in Sources */,
				18379C251F7B4ADD00D6DC5A /* ZFBaseTableViewCell.m in Sources */,
				18AE203E1F8B6B910076C334 /* ZFCollectionViewFlowLayout.m in Sources */,
				181BEB1A1F7DE11E00E1C054 /* ZFFourModel.m in Sources */,
				18FD0B5B1F7AAFC100D9E65B /* TThreeModel.m in Sources */,
				181BEB201F7DE18C00E1C054 /* ZFFourTableViewCell.m in Sources */,
				18C778D61F99E78E0021B303 /* ZFSliderViewController.m in Sources */,
				18FD0B1F1F7AAC6400D9E65B /* ZFBaseTableViewController.m in Sources */,
				181490541F98A3240047FFF4 /* ZFFirstSinView.m in Sources */,
				18C778C31F998F590021B303 /* ZFSwiftViewController.m in Sources */,
				18FD0B2E1F7AADBA00D9E65B /* ZFNavigationController.m in Sources */,
			);
			runOnlyForDeploymentPostprocessing = 0;
		};
		18FD0ADC1F7AA57C00D9E65B /* Sources */ = {
			isa = PBXSourcesBuildPhase;
			buildActionMask = 2147483647;
			files = (
				18FD0AE51F7AA57C00D9E65B /* ZF_iOSTests.m in Sources */,
			);
			runOnlyForDeploymentPostprocessing = 0;
		};
		18FD0AE71F7AA57C00D9E65B /* Sources */ = {
			isa = PBXSourcesBuildPhase;
			buildActionMask = 2147483647;
			files = (
				18FD0AF01F7AA57C00D9E65B /* ZF_iOSUITests.m in Sources */,
			);
			runOnlyForDeploymentPostprocessing = 0;
		};
/* End PBXSourcesBuildPhase section */

/* Begin PBXTargetDependency section */
		18FD0AE21F7AA57C00D9E65B /* PBXTargetDependency */ = {
			isa = PBXTargetDependency;
			target = 18FD0AC41F7AA57B00D9E65B /* ZF_iOS */;
			targetProxy = 18FD0AE11F7AA57C00D9E65B /* PBXContainerItemProxy */;
		};
		18FD0AED1F7AA57C00D9E65B /* PBXTargetDependency */ = {
			isa = PBXTargetDependency;
			target = 18FD0AC41F7AA57B00D9E65B /* ZF_iOS */;
			targetProxy = 18FD0AEC1F7AA57C00D9E65B /* PBXContainerItemProxy */;
		};
/* End PBXTargetDependency section */

/* Begin PBXVariantGroup section */
		18FD0ACE1F7AA57B00D9E65B /* Main.storyboard */ = {
			isa = PBXVariantGroup;
			children = (
				18FD0ACF1F7AA57B00D9E65B /* Base */,
			);
			name = Main.storyboard;
			sourceTree = "<group>";
		};
		18FD0AD61F7AA57B00D9E65B /* LaunchScreen.storyboard */ = {
			isa = PBXVariantGroup;
			children = (
				18FD0AD71F7AA57B00D9E65B /* Base */,
			);
			name = LaunchScreen.storyboard;
			sourceTree = "<group>";
		};
/* End PBXVariantGroup section */

/* Begin XCBuildConfiguration section */
		18FD0AF21F7AA57C00D9E65B /* Debug */ = {
			isa = XCBuildConfiguration;
			buildSettings = {
				ALWAYS_SEARCH_USER_PATHS = NO;
				CLANG_ANALYZER_NONNULL = YES;
				CLANG_ANALYZER_NUMBER_OBJECT_CONVERSION = YES_AGGRESSIVE;
				CLANG_CXX_LANGUAGE_STANDARD = "gnu++14";
				CLANG_CXX_LIBRARY = "libc++";
				CLANG_ENABLE_MODULES = YES;
				CLANG_ENABLE_OBJC_ARC = YES;
				CLANG_WARN_BLOCK_CAPTURE_AUTORELEASING = YES;
				CLANG_WARN_BOOL_CONVERSION = YES;
				CLANG_WARN_COMMA = YES;
				CLANG_WARN_CONSTANT_CONVERSION = YES;
				CLANG_WARN_DIRECT_OBJC_ISA_USAGE = YES_ERROR;
				CLANG_WARN_DOCUMENTATION_COMMENTS = YES;
				CLANG_WARN_EMPTY_BODY = YES;
				CLANG_WARN_ENUM_CONVERSION = YES;
				CLANG_WARN_INFINITE_RECURSION = YES;
				CLANG_WARN_INT_CONVERSION = YES;
				CLANG_WARN_NON_LITERAL_NULL_CONVERSION = YES;
				CLANG_WARN_OBJC_LITERAL_CONVERSION = YES;
				CLANG_WARN_OBJC_ROOT_CLASS = YES_ERROR;
				CLANG_WARN_RANGE_LOOP_ANALYSIS = YES;
				CLANG_WARN_STRICT_PROTOTYPES = YES;
				CLANG_WARN_SUSPICIOUS_MOVE = YES;
				CLANG_WARN_UNGUARDED_AVAILABILITY = YES_AGGRESSIVE;
				CLANG_WARN_UNREACHABLE_CODE = YES;
				CLANG_WARN__DUPLICATE_METHOD_MATCH = YES;
				CODE_SIGN_IDENTITY = "iPhone Developer";
				COPY_PHASE_STRIP = NO;
				DEBUG_INFORMATION_FORMAT = dwarf;
				ENABLE_STRICT_OBJC_MSGSEND = YES;
				ENABLE_TESTABILITY = YES;
				GCC_C_LANGUAGE_STANDARD = gnu11;
				GCC_DYNAMIC_NO_PIC = NO;
				GCC_NO_COMMON_BLOCKS = YES;
				GCC_OPTIMIZATION_LEVEL = 0;
				GCC_PREPROCESSOR_DEFINITIONS = (
					"DEBUG=1",
					"$(inherited)",
				);
				GCC_WARN_64_TO_32_BIT_CONVERSION = YES;
				GCC_WARN_ABOUT_RETURN_TYPE = YES_ERROR;
				GCC_WARN_UNDECLARED_SELECTOR = YES;
				GCC_WARN_UNINITIALIZED_AUTOS = YES_AGGRESSIVE;
				GCC_WARN_UNUSED_FUNCTION = YES;
				GCC_WARN_UNUSED_VARIABLE = YES;
				IPHONEOS_DEPLOYMENT_TARGET = 11.0;
				MTL_ENABLE_DEBUG_INFO = YES;
				ONLY_ACTIVE_ARCH = YES;
				SDKROOT = iphoneos;
			};
			name = Debug;
		};
		18FD0AF31F7AA57C00D9E65B /* Release */ = {
			isa = XCBuildConfiguration;
			buildSettings = {
				ALWAYS_SEARCH_USER_PATHS = NO;
				CLANG_ANALYZER_NONNULL = YES;
				CLANG_ANALYZER_NUMBER_OBJECT_CONVERSION = YES_AGGRESSIVE;
				CLANG_CXX_LANGUAGE_STANDARD = "gnu++14";
				CLANG_CXX_LIBRARY = "libc++";
				CLANG_ENABLE_MODULES = YES;
				CLANG_ENABLE_OBJC_ARC = YES;
				CLANG_WARN_BLOCK_CAPTURE_AUTORELEASING = YES;
				CLANG_WARN_BOOL_CONVERSION = YES;
				CLANG_WARN_COMMA = YES;
				CLANG_WARN_CONSTANT_CONVERSION = YES;
				CLANG_WARN_DIRECT_OBJC_ISA_USAGE = YES_ERROR;
				CLANG_WARN_DOCUMENTATION_COMMENTS = YES;
				CLANG_WARN_EMPTY_BODY = YES;
				CLANG_WARN_ENUM_CONVERSION = YES;
				CLANG_WARN_INFINITE_RECURSION = YES;
				CLANG_WARN_INT_CONVERSION = YES;
				CLANG_WARN_NON_LITERAL_NULL_CONVERSION = YES;
				CLANG_WARN_OBJC_LITERAL_CONVERSION = YES;
				CLANG_WARN_OBJC_ROOT_CLASS = YES_ERROR;
				CLANG_WARN_RANGE_LOOP_ANALYSIS = YES;
				CLANG_WARN_STRICT_PROTOTYPES = YES;
				CLANG_WARN_SUSPICIOUS_MOVE = YES;
				CLANG_WARN_UNGUARDED_AVAILABILITY = YES_AGGRESSIVE;
				CLANG_WARN_UNREACHABLE_CODE = YES;
				CLANG_WARN__DUPLICATE_METHOD_MATCH = YES;
				CODE_SIGN_IDENTITY = "iPhone Developer";
				COPY_PHASE_STRIP = NO;
				DEBUG_INFORMATION_FORMAT = "dwarf-with-dsym";
				ENABLE_NS_ASSERTIONS = NO;
				ENABLE_STRICT_OBJC_MSGSEND = YES;
				GCC_C_LANGUAGE_STANDARD = gnu11;
				GCC_NO_COMMON_BLOCKS = YES;
				GCC_WARN_64_TO_32_BIT_CONVERSION = YES;
				GCC_WARN_ABOUT_RETURN_TYPE = YES_ERROR;
				GCC_WARN_UNDECLARED_SELECTOR = YES;
				GCC_WARN_UNINITIALIZED_AUTOS = YES_AGGRESSIVE;
				GCC_WARN_UNUSED_FUNCTION = YES;
				GCC_WARN_UNUSED_VARIABLE = YES;
				IPHONEOS_DEPLOYMENT_TARGET = 11.0;
				MTL_ENABLE_DEBUG_INFO = NO;
				SDKROOT = iphoneos;
				VALIDATE_PRODUCT = YES;
			};
			name = Release;
		};
		18FD0AF51F7AA57C00D9E65B /* Debug */ = {
			isa = XCBuildConfiguration;
			baseConfigurationReference = 7A2E6505ED192909EC103AE0 /* Pods-ZF_iOS.debug.xcconfig */;
			buildSettings = {
				ASSETCATALOG_COMPILER_APPICON_NAME = AppIcon;
				CLANG_ENABLE_MODULES = YES;
				CODE_SIGN_STYLE = Automatic;
				DEVELOPMENT_TEAM = 6F3XTCE8S9;
				FRAMEWORK_SEARCH_PATHS = (
					"$(inherited)",
					"$(PROJECT_DIR)/ZFClass/ZFFrameworks",
				);
				GCC_PRECOMPILE_PREFIX_HEADER = YES;
				GCC_PREFIX_HEADER = "$(SRCROOT)/ZF_iOS/PrefixHeader.pch";
				INFOPLIST_FILE = ZF_iOS/Info.plist;
				IPHONEOS_DEPLOYMENT_TARGET = 9.0;
				LD_RUNPATH_SEARCH_PATHS = "$(inherited) @executable_path/Frameworks";
				PRODUCT_BUNDLE_IDENTIFIER = COM.ZMF.ZF;
				PRODUCT_NAME = "$(TARGET_NAME)";
				SWIFT_OBJC_BRIDGING_HEADER = "ZFClass/ZFTwo/View/ZF_iOS-Bridging-Header.h";
				SWIFT_OPTIMIZATION_LEVEL = "-Onone";
				SWIFT_VERSION = 3.0;
				TARGETED_DEVICE_FAMILY = 1;
			};
			name = Debug;
		};
		18FD0AF61F7AA57C00D9E65B /* Release */ = {
			isa = XCBuildConfiguration;
			baseConfigurationReference = 1FF246CC79CA9B336C69305C /* Pods-ZF_iOS.release.xcconfig */;
			buildSettings = {
				ASSETCATALOG_COMPILER_APPICON_NAME = AppIcon;
				CLANG_ENABLE_MODULES = YES;
				CODE_SIGN_STYLE = Automatic;
				DEVELOPMENT_TEAM = 6F3XTCE8S9;
				FRAMEWORK_SEARCH_PATHS = (
					"$(inherited)",
					"$(PROJECT_DIR)/ZFClass/ZFFrameworks",
				);
				GCC_PRECOMPILE_PREFIX_HEADER = YES;
				GCC_PREFIX_HEADER = "$(SRCROOT)/ZF_iOS/PrefixHeader.pch";
				INFOPLIST_FILE = ZF_iOS/Info.plist;
				IPHONEOS_DEPLOYMENT_TARGET = 9.0;
				LD_RUNPATH_SEARCH_PATHS = "$(inherited) @executable_path/Frameworks";
				PRODUCT_BUNDLE_IDENTIFIER = COM.ZMF.ZF;
				PRODUCT_NAME = "$(TARGET_NAME)";
				SWIFT_OBJC_BRIDGING_HEADER = "ZFClass/ZFTwo/View/ZF_iOS-Bridging-Header.h";
				SWIFT_VERSION = 3.0;
				TARGETED_DEVICE_FAMILY = 1;
			};
			name = Release;
		};
		18FD0AF81F7AA57C00D9E65B /* Debug */ = {
			isa = XCBuildConfiguration;
			buildSettings = {
				BUNDLE_LOADER = "$(TEST_HOST)";
				CODE_SIGN_STYLE = Automatic;
				DEVELOPMENT_TEAM = 6F3XTCE8S9;
				INFOPLIST_FILE = ZF_iOSTests/Info.plist;
				LD_RUNPATH_SEARCH_PATHS = "$(inherited) @executable_path/Frameworks @loader_path/Frameworks";
				PRODUCT_BUNDLE_IDENTIFIER = "COM.ZMF.ZF-iOSTests";
				PRODUCT_NAME = "$(TARGET_NAME)";
				TARGETED_DEVICE_FAMILY = "1,2";
				TEST_HOST = "$(BUILT_PRODUCTS_DIR)/ZF_iOS.app/ZF_iOS";
			};
			name = Debug;
		};
		18FD0AF91F7AA57C00D9E65B /* Release */ = {
			isa = XCBuildConfiguration;
			buildSettings = {
				BUNDLE_LOADER = "$(TEST_HOST)";
				CODE_SIGN_STYLE = Automatic;
				DEVELOPMENT_TEAM = 6F3XTCE8S9;
				INFOPLIST_FILE = ZF_iOSTests/Info.plist;
				LD_RUNPATH_SEARCH_PATHS = "$(inherited) @executable_path/Frameworks @loader_path/Frameworks";
				PRODUCT_BUNDLE_IDENTIFIER = "COM.ZMF.ZF-iOSTests";
				PRODUCT_NAME = "$(TARGET_NAME)";
				TARGETED_DEVICE_FAMILY = "1,2";
				TEST_HOST = "$(BUILT_PRODUCTS_DIR)/ZF_iOS.app/ZF_iOS";
			};
			name = Release;
		};
		18FD0AFB1F7AA57C00D9E65B /* Debug */ = {
			isa = XCBuildConfiguration;
			buildSettings = {
				CODE_SIGN_STYLE = Automatic;
				DEVELOPMENT_TEAM = 6F3XTCE8S9;
				INFOPLIST_FILE = ZF_iOSUITests/Info.plist;
				LD_RUNPATH_SEARCH_PATHS = "$(inherited) @executable_path/Frameworks @loader_path/Frameworks";
				PRODUCT_BUNDLE_IDENTIFIER = "COM.ZMF.ZF-iOSUITests";
				PRODUCT_NAME = "$(TARGET_NAME)";
				TARGETED_DEVICE_FAMILY = "1,2";
				TEST_TARGET_NAME = ZF_iOS;
			};
			name = Debug;
		};
		18FD0AFC1F7AA57C00D9E65B /* Release */ = {
			isa = XCBuildConfiguration;
			buildSettings = {
				CODE_SIGN_STYLE = Automatic;
				DEVELOPMENT_TEAM = 6F3XTCE8S9;
				INFOPLIST_FILE = ZF_iOSUITests/Info.plist;
				LD_RUNPATH_SEARCH_PATHS = "$(inherited) @executable_path/Frameworks @loader_path/Frameworks";
				PRODUCT_BUNDLE_IDENTIFIER = "COM.ZMF.ZF-iOSUITests";
				PRODUCT_NAME = "$(TARGET_NAME)";
				TARGETED_DEVICE_FAMILY = "1,2";
				TEST_TARGET_NAME = ZF_iOS;
			};
			name = Release;
		};
/* End XCBuildConfiguration section */

/* Begin XCConfigurationList section */
		18FD0AC01F7AA57B00D9E65B /* Build configuration list for PBXProject "ZF_iOS" */ = {
			isa = XCConfigurationList;
			buildConfigurations = (
				18FD0AF21F7AA57C00D9E65B /* Debug */,
				18FD0AF31F7AA57C00D9E65B /* Release */,
			);
			defaultConfigurationIsVisible = 0;
			defaultConfigurationName = Release;
		};
		18FD0AF41F7AA57C00D9E65B /* Build configuration list for PBXNativeTarget "ZF_iOS" */ = {
			isa = XCConfigurationList;
			buildConfigurations = (
				18FD0AF51F7AA57C00D9E65B /* Debug */,
				18FD0AF61F7AA57C00D9E65B /* Release */,
			);
			defaultConfigurationIsVisible = 0;
			defaultConfigurationName = Release;
		};
		18FD0AF71F7AA57C00D9E65B /* Build configuration list for PBXNativeTarget "ZF_iOSTests" */ = {
			isa = XCConfigurationList;
			buildConfigurations = (
				18FD0AF81F7AA57C00D9E65B /* Debug */,
				18FD0AF91F7AA57C00D9E65B /* Release */,
			);
			defaultConfigurationIsVisible = 0;
			defaultConfigurationName = Release;
		};
		18FD0AFA1F7AA57C00D9E65B /* Build configuration list for PBXNativeTarget "ZF_iOSUITests" */ = {
			isa = XCConfigurationList;
			buildConfigurations = (
				18FD0AFB1F7AA57C00D9E65B /* Debug */,
				18FD0AFC1F7AA57C00D9E65B /* Release */,
			);
			defaultConfigurationIsVisible = 0;
			defaultConfigurationName = Release;
		};
/* End XCConfigurationList section */

/* Begin XCVersionGroup section */
		18FD0AD11F7AA57B00D9E65B /* ZF_iOS.xcdatamodeld */ = {
			isa = XCVersionGroup;
			children = (
				18FD0AD21F7AA57B00D9E65B /* ZF_iOS.xcdatamodel */,
			);
			currentVersion = 18FD0AD21F7AA57B00D9E65B /* ZF_iOS.xcdatamodel */;
			path = ZF_iOS.xcdatamodeld;
			sourceTree = "<group>";
			versionGroupType = wrapper.xcdatamodel;
		};
/* End XCVersionGroup section */
	};
	rootObject = 18FD0ABD1F7AA57B00D9E65B /* Project object */;
}
